
Microsoft Visual Studio Solution File, Format Version 12.00
# Visual Studio Version 16
VisualStudioVersion = 16.0.810.5
MinimumVisualStudioVersion = 10.0.40219.1
Project("{FAE04EC0-301F-11D3-BF4B-00C04F79EFBC}") = "Quiz.Api", "Quiz.Api\Quiz.Api.csproj", "{8A90649C-FB22-4885-ADEE-D1D44C23FF46}"
EndProject
Global
	GlobalSection(SolutionConfigurationPlatforms) = preSolution
		Debug|Any CPU = Debug|Any CPU
		Release|Any CPU = Release|Any CPU
	EndGlobalSection
	GlobalSection(ProjectConfigurationPlatforms) = postSolution
		{8A90649C-FB22-4885-ADEE-D1D44C23FF46}.Debug|Any CPU.ActiveCfg = Debug|Any CPU
		{8A90649C-FB22-4885-ADEE-D1D44C23FF46}.Debug|Any CPU.Build.0 = Debug|Any CPU
		{8A90649C-FB22-4885-ADEE-D1D44C23FF46}.Release|Any CPU.ActiveCfg = Release|Any CPU
		{8A90649C-FB22-4885-ADEE-D1D44C23FF46}.Release|Any CPU.Build.0 = Release|Any CPU
	EndGlobalSection
	GlobalSection(SolutionProperties) = preSolution
		HideSolutionNode = FALSE
	EndGlobalSection
	GlobalSection(ExtensibilityGlobals) = postSolution
		SolutionGuid = {9869B835-757B-4D24-BC02-41170591280F}
	EndGlobalSection
EndGlobal
